
Microsoft Visual Studio Solution File, Format Version 12.00
# Visual Studio Version 16
VisualStudioVersion = 16.0.30104.148
MinimumVisualStudioVersion = 10.0.40219.1
Project("{9A19103F-16F7-4668-BE54-9A1E7A4F7556}") = "CurriculumRepository.API", "CurriculumRepository.API\CurriculumRepository.API.csproj", "{450344B2-7B92-41C2-9DD2-C5B0ED9FF741}"
	ProjectSection(ProjectDependencies) = postProject
		{092CDEA2-14D2-48A2-8FF1-91200D9AA5CB} = {092CDEA2-14D2-48A2-8FF1-91200D9AA5CB}
	EndProjectSection
EndProject
Project("{9A19103F-16F7-4668-BE54-9A1E7A4F7556}") = "CurriculumRepository.CORE", "CurriculumRepository.CORE\CurriculumRepository.CORE.csproj", "{092CDEA2-14D2-48A2-8FF1-91200D9AA5CB}"
EndProject
Global
	GlobalSection(SolutionConfigurationPlatforms) = preSolution
		Debug|Any CPU = Debug|Any CPU
		Release|Any CPU = Release|Any CPU
	EndGlobalSection
	GlobalSection(ProjectConfigurationPlatforms) = postSolution
		{450344B2-7B92-41C2-9DD2-C5B0ED9FF741}.Debug|Any CPU.ActiveCfg = Debug|Any CPU
		{450344B2-7B92-41C2-9DD2-C5B0ED9FF741}.Debug|Any CPU.Build.0 = Debug|Any CPU
		{450344B2-7B92-41C2-9DD2-C5B0ED9FF741}.Release|Any CPU.ActiveCfg = Release|Any CPU
		{450344B2-7B92-41C2-9DD2-C5B0ED9FF741}.Release|Any CPU.Build.0 = Release|Any CPU
		{092CDEA2-14D2-48A2-8FF1-91200D9AA5CB}.Debug|Any CPU.ActiveCfg = Debug|Any CPU
		{092CDEA2-14D2-48A2-8FF1-91200D9AA5CB}.Debug|Any CPU.Build.0 = Debug|Any CPU
		{092CDEA2-14D2-48A2-8FF1-91200D9AA5CB}.Release|Any CPU.ActiveCfg = Release|Any CPU
		{092CDEA2-14D2-48A2-8FF1-91200D9AA5CB}.Release|Any CPU.Build.0 = Release|Any CPU
	EndGlobalSection
	GlobalSection(SolutionProperties) = preSolution
		HideSolutionNode = FALSE
	EndGlobalSection
	GlobalSection(ExtensibilityGlobals) = postSolution
		SolutionGuid = {6D8D4990-298F-4DA5-89EC-82893D669913}
	EndGlobalSection
EndGlobal
